// !$*UTF8*$!
{
	archiveVersion = 1;
	classes = {
	};
	objectVersion = 46;
	objects = {

/* Begin PBXBuildFile section */
		DFD73CEA1CEB9DA0003F3257 /* AppDelegate.swift in Sources */ = {isa = PBXBuildFile; fileRef = DFD73CE91CEB9DA0003F3257 /* AppDelegate.swift */; };
		DFD73CEC1CEB9DA0003F3257 /* ViewController.swift in Sources */ = {isa = PBXBuildFile; fileRef = DFD73CEB1CEB9DA0003F3257 /* ViewController.swift */; };
		DFD73CEF1CEB9DA0003F3257 /* Main.storyboard in Resources */ = {isa = PBXBuildFile; fileRef = DFD73CED1CEB9DA0003F3257 /* Main.storyboard */; };
		DFD73CF11CEB9DA0003F3257 /* Assets.xcassets in Resources */ = {isa = PBXBuildFile; fileRef = DFD73CF01CEB9DA0003F3257 /* Assets.xcassets */; };
		DFD73CF41CEB9DA0003F3257 /* LaunchScreen.storyboard in Resources */ = {isa = PBXBuildFile; fileRef = DFD73CF21CEB9DA0003F3257 /* LaunchScreen.storyboard */; };
		DFD73CFF1CEB9DA2003F3257 /* TestProjectTests.swift in Sources */ = {isa = PBXBuildFile; fileRef = DFD73CFE1CEB9DA2003F3257 /* TestProjectTests.swift */; };
		DFD73D0A1CEB9DA2003F3257 /* TestProjectUITests.swift in Sources */ = {isa = PBXBuildFile; fileRef = DFD73D091CEB9DA2003F3257 /* TestProjectUITests.swift */; };
/* End PBXBuildFile section */

/* Begin PBXContainerItemProxy section */
		DFD73CFB1CEB9DA2003F3257 /* PBXContainerItemProxy */ = {
			isa = PBXContainerItemProxy;
			containerPortal = DFD73CDE1CEB9DA0003F3257 /* Project object */;
			proxyType = 1;
			remoteGlobalIDString = DFD73CE51CEB9DA0003F3257;
			remoteInfo = TestProject;
		};
		DFD73D061CEB9DA2003F3257 /* PBXContainerItemProxy */ = {
			isa = PBXContainerItemProxy;
			containerPortal = DFD73CDE1CEB9DA0003F3257 /* Project object */;
			proxyType = 1;
			remoteGlobalIDString = DFD73CE51CEB9DA0003F3257;
			remoteInfo = TestProject;
		};
/* End PBXContainerItemProxy section */

/* Begin PBXFileReference section */
		DFD73CE61CEB9DA0003F3257 /* TestProject.app */ = {isa = PBXFileReference; explicitFileType = wrapper.application; includeInIndex = 0; path = TestProject.app; sourceTree = BUILT_PRODUCTS_DIR; };
		DFD73CE91CEB9DA0003F3257 /* AppDelegate.swift */ = {isa = PBXFileReference; lastKnownFileType = sourcecode.swift; path = AppDelegate.swift; sourceTree = "<group>"; };
		DFD73CEB1CEB9DA0003F3257 /* ViewController.swift */ = {isa = PBXFileReference; lastKnownFileType = sourcecode.swift; path = ViewController.swift; sourceTree = "<group>"; };
		DFD73CEE1CEB9DA0003F3257 /* Base */ = {isa = PBXFileReference; lastKnownFileType = file.storyboard; name = Base; path = Base.lproj/Main.storyboard; sourceTree = "<group>"; };
		DFD73CF01CEB9DA0003F3257 /* Assets.xcassets */ = {isa = PBXFileReference; lastKnownFileType = folder.assetcatalog; path = Assets.xcassets; sourceTree = "<group>"; };
		DFD73CF31CEB9DA0003F3257 /* Base */ = {isa = PBXFileReference; lastKnownFileType = file.storyboard; name = Base; path = Base.lproj/LaunchScreen.storyboard; sourceTree = "<group>"; };
		DFD73CF51CEB9DA0003F3257 /* Info.plist */ = {isa = PBXFileReference; lastKnownFileType = text.plist.xml; path = Info.plist; sourceTree = "<group>"; };
		DFD73CFA1CEB9DA2003F3257 /* TestProjectTests.xctest */ = {isa = PBXFileReference; explicitFileType = wrapper.cfbundle; includeInIndex = 0; path = TestProjectTests.xctest; sourceTree = BUILT_PRODUCTS_DIR; };
		DFD73CFE1CEB9DA2003F3257 /* TestProjectTests.swift */ = {isa = PBXFileReference; lastKnownFileType = sourcecode.swift; path = TestProjectTests.swift; sourceTree = "<group>"; };
		DFD73D001CEB9DA2003F3257 /* Info.plist */ = {isa = PBXFileReference; lastKnownFileType = text.plist.xml; path = Info.plist; sourceTree = "<group>"; };
		DFD73D051CEB9DA2003F3257 /* TestProjectUITests.xctest */ = {isa = PBXFileReference; explicitFileType = wrapper.cfbundle; includeInIndex = 0; path = TestProjectUITests.xctest; sourceTree = BUILT_PRODUCTS_DIR; };
		DFD73D091CEB9DA2003F3257 /* TestProjectUITests.swift */ = {isa = PBXFileReference; lastKnownFileType = sourcecode.swift; path = TestProjectUITests.swift; sourceTree = "<group>"; };
		DFD73D0B1CEB9DA2003F3257 /* Info.plist */ = {isa = PBXFileReference; lastKnownFileType = text.plist.xml; path = Info.plist; sourceTree = "<group>"; };
/* End PBXFileReference section */

/* Begin PBXFrameworksBuildPhase section */
		DFD73CE31CEB9DA0003F3257 /* Frameworks */ = {
			isa = PBXFrameworksBuildPhase;
			buildActionMask = 2147483647;
			files = (
			);
			runOnlyForDeploymentPostprocessing = 0;
		};
		DFD73CF71CEB9DA2003F3257 /* Frameworks */ = {
			isa = PBXFrameworksBuildPhase;
			buildActionMask = 2147483647;
			files = (
			);
			runOnlyForDeploymentPostprocessing = 0;
		};
		DFD73D021CEB9DA2003F3257 /* Frameworks */ = {
			isa = PBXFrameworksBuildPhase;
			buildActionMask = 2147483647;
			files = (
			);
			runOnlyForDeploymentPostprocessing = 0;
		};
/* End PBXFrameworksBuildPhase section */

/* Begin PBXGroup section */
		DFD73CDD1CEB9D9F003F3257 = {
			isa = PBXGroup;
			children = (
				DFD73CE81CEB9DA0003F3257 /* TestProject */,
				DFD73CFD1CEB9DA2003F3257 /* TestProjectTests */,
				DFD73D081CEB9DA2003F3257 /* TestProjectUITests */,
				DFD73CE71CEB9DA0003F3257 /* Products */,
			);
			sourceTree = "<group>";
		};
		DFD73CE71CEB9DA0003F3257 /* Products */ = {
			isa = PBXGroup;
			children = (
				DFD73CE61CEB9DA0003F3257 /* TestProject.app */,
				DFD73CFA1CEB9DA2003F3257 /* TestProjectTests.xctest */,
				DFD73D051CEB9DA2003F3257 /* TestProjectUITests.xctest */,
			);
			name = Products;
			sourceTree = "<group>";
		};
		DFD73CE81CEB9DA0003F3257 /* TestProject */ = {
			isa = PBXGroup;
			children = (
				DFD73CE91CEB9DA0003F3257 /* AppDelegate.swift */,
				DFD73CEB1CEB9DA0003F3257 /* ViewController.swift */,
				DFD73CED1CEB9DA0003F3257 /* Main.storyboard */,
				DFD73CF01CEB9DA0003F3257 /* Assets.xcassets */,
				DFD73CF21CEB9DA0003F3257 /* LaunchScreen.storyboard */,
				DFD73CF51CEB9DA0003F3257 /* Info.plist */,
			);
			path = TestProject;
			sourceTree = "<group>";
		};
		DFD73CFD1CEB9DA2003F3257 /* TestProjectTests */ = {
			isa = PBXGroup;
			children = (
				DFD73CFE1CEB9DA2003F3257 /* TestProjectTests.swift */,
				DFD73D001CEB9DA2003F3257 /* Info.plist */,
			);
			path = TestProjectTests;
			sourceTree = "<group>";
		};
		DFD73D081CEB9DA2003F3257 /* TestProjectUITests */ = {
			isa = PBXGroup;
			children = (
				DFD73D091CEB9DA2003F3257 /* TestProjectUITests.swift */,
				DFD73D0B1CEB9DA2003F3257 /* Info.plist */,
			);
			path = TestProjectUITests;
			sourceTree = "<group>";
		};
/* End PBXGroup section */

/* Begin PBXNativeTarget section */
		DFD73CE51CEB9DA0003F3257 /* TestProject */ = {
			isa = PBXNativeTarget;
			buildConfigurationList = DFD73D0E1CEB9DA2003F3257 /* Build configuration list for PBXNativeTarget "TestProject" */;
			buildPhases = (
				DFD73CE21CEB9DA0003F3257 /* Sources */,
				DFD73CE31CEB9DA0003F3257 /* Frameworks */,
				DFD73CE41CEB9DA0003F3257 /* Resources */,
			);
			buildRules = (
			);
			dependencies = (
			);
			name = TestProject;
			productName = TestProject;
			productReference = DFD73CE61CEB9DA0003F3257 /* TestProject.app */;
			productType = "com.apple.product-type.application";
		};
		DFD73CF91CEB9DA2003F3257 /* TestProjectTests */ = {
			isa = PBXNativeTarget;
			buildConfigurationList = DFD73D111CEB9DA2003F3257 /* Build configuration list for PBXNativeTarget "TestProjectTests" */;
			buildPhases = (
				DFD73CF61CEB9DA2003F3257 /* Sources */,
				DFD73CF71CEB9DA2003F3257 /* Frameworks */,
				DFD73CF81CEB9DA2003F3257 /* Resources */,
			);
			buildRules = (
			);
			dependencies = (
				DFD73CFC1CEB9DA2003F3257 /* PBXTargetDependency */,
			);
			name = TestProjectTests;
			productName = TestProjectTests;
			productReference = DFD73CFA1CEB9DA2003F3257 /* TestProjectTests.xctest */;
			productType = "com.apple.product-type.bundle.unit-test";
		};
		DFD73D041CEB9DA2003F3257 /* TestProjectUITests */ = {
			isa = PBXNativeTarget;
			buildConfigurationList = DFD73D141CEB9DA2003F3257 /* Build configuration list for PBXNativeTarget "TestProjectUITests" */;
			buildPhases = (
				DFD73D011CEB9DA2003F3257 /* Sources */,
				DFD73D021CEB9DA2003F3257 /* Frameworks */,
				DFD73D031CEB9DA2003F3257 /* Resources */,
			);
			buildRules = (
			);
			dependencies = (
				DFD73D071CEB9DA2003F3257 /* PBXTargetDependency */,
			);
			name = TestProjectUITests;
			productName = TestProjectUITests;
			productReference = DFD73D051CEB9DA2003F3257 /* TestProjectUITests.xctest */;
			productType = "com.apple.product-type.bundle.ui-testing";
		};
/* End PBXNativeTarget section */

/* Begin PBXProject section */
		DFD73CDE1CEB9DA0003F3257 /* Project object */ = {
			isa = PBXProject;
			attributes = {
				LastSwiftUpdateCheck = 0730;
				LastUpgradeCheck = 0730;
				ORGANIZATIONNAME = Chalomba;
				TargetAttributes = {
					DFD73CE51CEB9DA0003F3257 = {
						CreatedOnToolsVersion = 7.3.1;
					};
					DFD73CF91CEB9DA2003F3257 = {
						CreatedOnToolsVersion = 7.3.1;
						TestTargetID = DFD73CE51CEB9DA0003F3257;
					};
					DFD73D041CEB9DA2003F3257 = {
						CreatedOnToolsVersion = 7.3.1;
						TestTargetID = DFD73CE51CEB9DA0003F3257;
					};
				};
			};
			buildConfigurationList = DFD73CE11CEB9DA0003F3257 /* Build configuration list for PBXProject "TestProject" */;
			compatibilityVersion = "Xcode 3.2";
			developmentRegion = English;
			hasScannedForEncodings = 0;
			knownRegions = (
				en,
				Base,
			);
			mainGroup = DFD73CDD1CEB9D9F003F3257;
			productRefGroup = DFD73CE71CEB9DA0003F3257 /* Products */;
			projectDirPath = "";
			projectRoot = "";
			targets = (
				DFD73CE51CEB9DA0003F3257 /* TestProject */,
				DFD73CF91CEB9DA2003F3257 /* TestProjectTests */,
				DFD73D041CEB9DA2003F3257 /* TestProjectUITests */,
			);
		};
/* End PBXProject section */

/* Begin PBXResourcesBuildPhase section */
		DFD73CE41CEB9DA0003F3257 /* Resources */ = {
			isa = PBXResourcesBuildPhase;
			buildActionMask = 2147483647;
			files = (
				DFD73CF41CEB9DA0003F3257 /* LaunchScreen.storyboard in Resources */,
				DFD73CF11CEB9DA0003F3257 /* Assets.xcassets in Resources */,
				DFD73CEF1CEB9DA0003F3257 /* Main.storyboard in Resources */,
			);
			runOnlyForDeploymentPostprocessing = 0;
		};
		DFD73CF81CEB9DA2003F3257 /* Resources */ = {
			isa = PBXResourcesBuildPhase;
			buildActionMask = 2147483647;
			files = (
			);
			runOnlyForDeploymentPostprocessing = 0;
		};
		DFD73D031CEB9DA2003F3257 /* Resources */ = {
			isa = PBXResourcesBuildPhase;
			buildActionMask = 2147483647;
			files = (
			);
			runOnlyForDeploymentPostprocessing = 0;
		};
/* End PBXResourcesBuildPhase section */

/* Begin PBXSourcesBuildPhase section */
		DFD73CE21CEB9DA0003F3257 /* Sources */ = {
			isa = PBXSourcesBuildPhase;
			buildActionMask = 2147483647;
			files = (
				DFD73CEC1CEB9DA0003F3257 /* ViewController.swift in Sources */,
				DFD73CEA1CEB9DA0003F3257 /* AppDelegate.swift in Sources */,
			);
			runOnlyForDeploymentPostprocessing = 0;
		};
		DFD73CF61CEB9DA2003F3257 /* Sources */ = {
			isa = PBXSourcesBuildPhase;
			buildActionMask = 2147483647;
			files = (
				DFD73CFF1CEB9DA2003F3257 /* TestProjectTests.swift in Sources */,
			);
			runOnlyForDeploymentPostprocessing = 0;
		};
		DFD73D011CEB9DA2003F3257 /* Sources */ = {
			isa = PBXSourcesBuildPhase;
			buildActionMask = 2147483647;
			files = (
				DFD73D0A1CEB9DA2003F3257 /* TestProjectUITests.swift in Sources */,
			);
			runOnlyForDeploymentPostprocessing = 0;
		};
/* End PBXSourcesBuildPhase section */

/* Begin PBXTargetDependency section */
		DFD73CFC1CEB9DA2003F3257 /* PBXTargetDependency */ = {
			isa = PBXTargetDependency;
			target = DFD73CE51CEB9DA0003F3257 /* TestProject */;
			targetProxy = DFD73CFB1CEB9DA2003F3257 /* PBXContainerItemProxy */;
		};
		DFD73D071CEB9DA2003F3257 /* PBXTargetDependency */ = {
			isa = PBXTargetDependency;
			target = DFD73CE51CEB9DA0003F3257 /* TestProject */;
			targetProxy = DFD73D061CEB9DA2003F3257 /* PBXContainerItemProxy */;
		};
/* End PBXTargetDependency section */

/* Begin PBXVariantGroup section */
		DFD73CED1CEB9DA0003F3257 /* Main.storyboard */ = {
			isa = PBXVariantGroup;
			children = (
				DFD73CEE1CEB9DA0003F3257 /* Base */,
			);
			name = Main.storyboard;
			sourceTree = "<group>";
		};
		DFD73CF21CEB9DA0003F3257 /* LaunchScreen.storyboard */ = {
			isa = PBXVariantGroup;
			children = (
				DFD73CF31CEB9DA0003F3257 /* Base */,
			);
			name = LaunchScreen.storyboard;
			sourceTree = "<group>";
		};
/* End PBXVariantGroup section */

/* Begin XCBuildConfiguration section */
		DFD73D0C1CEB9DA2003F3257 /* Debug */ = {
			isa = XCBuildConfiguration;
			buildSettings = {
				ALWAYS_SEARCH_USER_PATHS = NO;
				CLANG_ANALYZER_NONNULL = YES;
				CLANG_CXX_LANGUAGE_STANDARD = "gnu++0x";
				CLANG_CXX_LIBRARY = "libc++";
				CLANG_ENABLE_MODULES = YES;
				CLANG_ENABLE_OBJC_ARC = YES;
				CLANG_WARN_BOOL_CONVERSION = YES;
				CLANG_WARN_CONSTANT_CONVERSION = YES;
				CLANG_WARN_DIRECT_OBJC_ISA_USAGE = YES_ERROR;
				CLANG_WARN_EMPTY_BODY = YES;
				CLANG_WARN_ENUM_CONVERSION = YES;
				CLANG_WARN_INT_CONVERSION = YES;
				CLANG_WARN_OBJC_ROOT_CLASS = YES_ERROR;
				CLANG_WARN_UNREACHABLE_CODE = YES;
				CLANG_WARN__DUPLICATE_METHOD_MATCH = YES;
				"CODE_SIGN_IDENTITY[sdk=iphoneos*]" = "iPhone Developer";
				COPY_PHASE_STRIP = NO;
				DEBUG_INFORMATION_FORMAT = dwarf;
				ENABLE_STRICT_OBJC_MSGSEND = YES;
				ENABLE_TESTABILITY = YES;
				GCC_C_LANGUAGE_STANDARD = gnu99;
				GCC_DYNAMIC_NO_PIC = NO;
				GCC_NO_COMMON_BLOCKS = YES;
				GCC_OPTIMIZATION_LEVEL = 0;
				GCC_PREPROCESSOR_DEFINITIONS = (
					"DEBUG=1",
					"$(inherited)",
				);
				GCC_WARN_64_TO_32_BIT_CONVERSION = YES;
				GCC_WARN_ABOUT_RETURN_TYPE = YES_ERROR;
				GCC_WARN_UNDECLARED_SELECTOR = YES;
				GCC_WARN_UNINITIALIZED_AUTOS = YES_AGGRESSIVE;
				GCC_WARN_UNUSED_FUNCTION = YES;
				GCC_WARN_UNUSED_VARIABLE = YES;
				IPHONEOS_DEPLOYMENT_TARGET = 9.3;
				MTL_ENABLE_DEBUG_INFO = YES;
				ONLY_ACTIVE_ARCH = YES;
				SDKROOT = iphoneos;
				SWIFT_OPTIMIZATION_LEVEL = "-Onone";
				TARGETED_DEVICE_FAMILY = "1,2";
			};
			name = Debug;
		};
		DFD73D0D1CEB9DA2003F3257 /* Release */ = {
			isa = XCBuildConfiguration;
			buildSettings = {
				ALWAYS_SEARCH_USER_PATHS = NO;
				CLANG_ANALYZER_NONNULL = YES;
				CLANG_CXX_LANGUAGE_STANDARD = "gnu++0x";
				CLANG_CXX_LIBRARY = "libc++";
				CLANG_ENABLE_MODULES = YES;
				CLANG_ENABLE_OBJC_ARC = YES;
				CLANG_WARN_BOOL_CONVERSION = YES;
				CLANG_WARN_CONSTANT_CONVERSION = YES;
				CLANG_WARN_DIRECT_OBJC_ISA_USAGE = YES_ERROR;
				CLANG_WARN_EMPTY_BODY = YES;
				CLANG_WARN_ENUM_CONVERSION = YES;
				CLANG_WARN_INT_CONVERSION = YES;
				CLANG_WARN_OBJC_ROOT_CLASS = YES_ERROR;
				CLANG_WARN_UNREACHABLE_CODE = YES;
				CLANG_WARN__DUPLICATE_METHOD_MATCH = YES;
				"CODE_SIGN_IDENTITY[sdk=iphoneos*]" = "iPhone Developer";
				COPY_PHASE_STRIP = NO;
				DEBUG_INFORMATION_FORMAT = "dwarf-with-dsym";
				ENABLE_NS_ASSERTIONS = NO;
				ENABLE_STRICT_OBJC_MSGSEND = YES;
				GCC_C_LANGUAGE_STANDARD = gnu99;
				GCC_NO_COMMON_BLOCKS = YES;
				GCC_WARN_64_TO_32_BIT_CONVERSION = YES;
				GCC_WARN_ABOUT_RETURN_TYPE = YES_ERROR;
				GCC_WARN_UNDECLARED_SELECTOR = YES;
				GCC_WARN_UNINITIALIZED_AUTOS = YES_AGGRESSIVE;
				GCC_WARN_UNUSED_FUNCTION = YES;
				GCC_WARN_UNUSED_VARIABLE = YES;
				IPHONEOS_DEPLOYMENT_TARGET = 9.3;
				MTL_ENABLE_DEBUG_INFO = NO;
				SDKROOT = iphoneos;
				TARGETED_DEVICE_FAMILY = "1,2";
				VALIDATE_PRODUCT = YES;
			};
			name = Release;
		};
		DFD73D0F1CEB9DA2003F3257 /* Debug */ = {
			isa = XCBuildConfiguration;
			buildSettings = {
				ASSETCATALOG_COMPILER_APPICON_NAME = AppIcon;
				INFOPLIST_FILE = TestProject/Info.plist;
				LD_RUNPATH_SEARCH_PATHS = "$(inherited) @executable_path/Frameworks";
				PRODUCT_BUNDLE_IDENTIFIER = com.ios.TestProject;
				PRODUCT_NAME = "$(TARGET_NAME)";
			};
			name = Debug;
		};
		DFD73D101CEB9DA2003F3257 /* Release */ = {
			isa = XCBuildConfiguration;
			buildSettings = {
				ASSETCATALOG_COMPILER_APPICON_NAME = AppIcon;
				INFOPLIST_FILE = TestProject/Info.plist;
				LD_RUNPATH_SEARCH_PATHS = "$(inherited) @executable_path/Frameworks";
				PRODUCT_BUNDLE_IDENTIFIER = com.ios.TestProject;
				PRODUCT_NAME = "$(TARGET_NAME)";
			};
			name = Release;
		};
		DFD73D121CEB9DA2003F3257 /* Debug */ = {
			isa = XCBuildConfiguration;
			buildSettings = {
				BUNDLE_LOADER = "$(TEST_HOST)";
				INFOPLIST_FILE = TestProjectTests/Info.plist;
				LD_RUNPATH_SEARCH_PATHS = "$(inherited) @executable_path/Frameworks @loader_path/Frameworks";
				PRODUCT_BUNDLE_IDENTIFIER = com.ios.TestProjectTests;
				PRODUCT_NAME = "$(TARGET_NAME)";
				TEST_HOST = "$(BUILT_PRODUCTS_DIR)/TestProject.app/TestProject";
			};
			name = Debug;
		};
		DFD73D131CEB9DA2003F3257 /* Release */ = {
			isa = XCBuildConfiguration;
			buildSettings = {
				BUNDLE_LOADER = "$(TEST_HOST)";
				INFOPLIST_FILE = TestProjectTests/Info.plist;
				LD_RUNPATH_SEARCH_PATHS = "$(inherited) @executable_path/Frameworks @loader_path/Frameworks";
				PRODUCT_BUNDLE_IDENTIFIER = com.ios.TestProjectTests;
				PRODUCT_NAME = "$(TARGET_NAME)";
				TEST_HOST = "$(BUILT_PRODUCTS_DIR)/TestProject.app/TestProject";
			};
			name = Release;
		};
		DFD73D151CEB9DA2003F3257 /* Debug */ = {
			isa = XCBuildConfiguration;
			buildSettings = {
				INFOPLIST_FILE = TestProjectUITests/Info.plist;
				LD_RUNPATH_SEARCH_PATHS = "$(inherited) @executable_path/Frameworks @loader_path/Frameworks";
				PRODUCT_BUNDLE_IDENTIFIER = com.ios.TestProjectUITests;
				PRODUCT_NAME = "$(TARGET_NAME)";
				TEST_TARGET_NAME = TestProject;
			};
			name = Debug;
		};
		DFD73D161CEB9DA2003F3257 /* Release */ = {
			isa = XCBuildConfiguration;
			buildSettings = {
				INFOPLIST_FILE = TestProjectUITests/Info.plist;
				LD_RUNPATH_SEARCH_PATHS = "$(inherited) @executable_path/Frameworks @loader_path/Frameworks";
				PRODUCT_BUNDLE_IDENTIFIER = com.ios.TestProjectUITests;
				PRODUCT_NAME = "$(TARGET_NAME)";
				TEST_TARGET_NAME = TestProject;
			};
			name = Release;
		};
/* End XCBuildConfiguration section */

/* Begin XCConfigurationList section */
		DFD73CE11CEB9DA0003F3257 /* Build configuration list for PBXProject "TestProject" */ = {
			isa = XCConfigurationList;
			buildConfigurations = (
				DFD73D0C1CEB9DA2003F3257 /* Debug */,
				DFD73D0D1CEB9DA2003F3257 /* Release */,
			);
			defaultConfigurationIsVisible = 0;
			defaultConfigurationName = Release;
		};
		DFD73D0E1CEB9DA2003F3257 /* Build configuration list for PBXNativeTarget "TestProject" */ = {
			isa = XCConfigurationList;
			buildConfigurations = (
				DFD73D0F1CEB9DA2003F3257 /* Debug */,
				DFD73D101CEB9DA2003F3257 /* Release */,
			);
			defaultConfigurationIsVisible = 0;
		};
		DFD73D111CEB9DA2003F3257 /* Build configuration list for PBXNativeTarget "TestProjectTests" */ = {
			isa = XCConfigurationList;
			buildConfigurations = (
				DFD73D121CEB9DA2003F3257 /* Debug */,
				DFD73D131CEB9DA2003F3257 /* Release */,
			);
			defaultConfigurationIsVisible = 0;
		};
		DFD73D141CEB9DA2003F3257 /* Build configuration list for PBXNativeTarget "TestProjectUITests" */ = {
			isa = XCConfigurationList;
			buildConfigurations = (
				DFD73D151CEB9DA2003F3257 /* Debug */,
				DFD73D161CEB9DA2003F3257 /* Release */,
			);
			defaultConfigurationIsVisible = 0;
		};
/* End XCConfigurationList section */
	};
	rootObject = DFD73CDE1CEB9DA0003F3257 /* Project object */;
}
